lockfileVersion: '9.0'

settings:
  autoInstallPeers: true
  excludeLinksFromLockfile: false

importers:

  .:
    dependencies:
      '@honcho-ai/sdk':
        specifier: ^2.1.0
        version: 2.1.0

packages:

  '@honcho-ai/sdk@2.1.0':
    resolution: {integrity: sha512-GPyeKTDRhg5jd77RAh63LwrxLxnbluLdYUF1gsI6g6CU4eTyv8s1+KJ3/OTCiBwJ/dhjznNvQUngkUjjnNzUTA==}

  zod@4.0.0:
    resolution: {integrity: sha512-9diLdTPc/L7w/5jI4C3gHYNiGHDV9IZYxo1e5LSD8cabi65WVTWWb+g2BGPEpUUCOxR4D+6O5B0AzyMdUAXwrw==}

snapshots:

  '@honcho-ai/sdk@2.1.0':
    dependencies:
      zod: 4.0.0

  zod@4.0.0: {}
